
Microsoft Visual Studio Solution File, Format Version 12.00
# Visual Studio Version 17
VisualStudioVersion = 17.6.33723.286
MinimumVisualStudioVersion = 10.0.40219.1
Project("{9A19103F-16F7-4668-BE54-9A1E7A4F7556}") = "ConsoleAppTemplate", "src\ConsoleAppTemplate\ConsoleAppTemplate.csproj", "{343BD97C-8B08-4430-BDDD-CB07D084A8F5}"
EndProject
Project("{2150E333-8FDC-42A3-9474-1A3956D46DE8}") = "Solution Items", "Solution Items", "{3637A262-BA6D-47DE-AE93-FD91B0C8F2C2}"
	ProjectSection(SolutionItems) = preProject
		.gitattributes = .gitattributes
		.gitignore = .gitignore
		README.md = README.md
	EndProjectSection
EndProject
Project("{2150E333-8FDC-42A3-9474-1A3956D46DE8}") = "scripts", "scripts", "{505E4483-2F48-4565-AC52-F616816EAD20}"
	ProjectSection(SolutionItems) = preProject
		scripts\Build.ps1 = scripts\Build.ps1
	EndProjectSection
EndProject
Project("{2150E333-8FDC-42A3-9474-1A3956D46DE8}") = "docs", "docs", "{34289283-4B5F-40B7-87BC-118D0EA2EB71}"
	ProjectSection(SolutionItems) = preProject
		docs\FunctionalDoc.md = docs\FunctionalDoc.md
	EndProjectSection
EndProject
Project("{2150E333-8FDC-42A3-9474-1A3956D46DE8}") = "tests", "tests", "{2B730CDF-61C3-4430-96CE-D00AA1898302}"
EndProject
Project("{9A19103F-16F7-4668-BE54-9A1E7A4F7556}") = "UnitTests", "tests\UnitTests\UnitTests.csproj", "{5C62A82C-947F-481E-8CB2-26785D7E7EFE}"
EndProject
Global
	GlobalSection(SolutionConfigurationPlatforms) = preSolution
		Debug|Any CPU = Debug|Any CPU
		Development|Any CPU = Development|Any CPU
		Production|Any CPU = Production|Any CPU
		Release|Any CPU = Release|Any CPU
	EndGlobalSection
	GlobalSection(ProjectConfigurationPlatforms) = postSolution
		{343BD97C-8B08-4430-BDDD-CB07D084A8F5}.Debug|Any CPU.ActiveCfg = Debug|Any CPU
		{343BD97C-8B08-4430-BDDD-CB07D084A8F5}.Debug|Any CPU.Build.0 = Debug|Any CPU
		{343BD97C-8B08-4430-BDDD-CB07D084A8F5}.Development|Any CPU.ActiveCfg = Debug|Any CPU
		{343BD97C-8B08-4430-BDDD-CB07D084A8F5}.Development|Any CPU.Build.0 = Debug|Any CPU
		{343BD97C-8B08-4430-BDDD-CB07D084A8F5}.Production|Any CPU.ActiveCfg = Release|Any CPU
		{343BD97C-8B08-4430-BDDD-CB07D084A8F5}.Production|Any CPU.Build.0 = Release|Any CPU
		{343BD97C-8B08-4430-BDDD-CB07D084A8F5}.Release|Any CPU.ActiveCfg = Release|Any CPU
		{343BD97C-8B08-4430-BDDD-CB07D084A8F5}.Release|Any CPU.Build.0 = Release|Any CPU
		{5C62A82C-947F-481E-8CB2-26785D7E7EFE}.Debug|Any CPU.ActiveCfg = Development|Any CPU
		{5C62A82C-947F-481E-8CB2-26785D7E7EFE}.Debug|Any CPU.Build.0 = Development|Any CPU
		{5C62A82C-947F-481E-8CB2-26785D7E7EFE}.Development|Any CPU.ActiveCfg = Development|Any CPU
		{5C62A82C-947F-481E-8CB2-26785D7E7EFE}.Development|Any CPU.Build.0 = Development|Any CPU
		{5C62A82C-947F-481E-8CB2-26785D7E7EFE}.Production|Any CPU.ActiveCfg = Production|Any CPU
		{5C62A82C-947F-481E-8CB2-26785D7E7EFE}.Production|Any CPU.Build.0 = Production|Any CPU
		{5C62A82C-947F-481E-8CB2-26785D7E7EFE}.Release|Any CPU.ActiveCfg = Development|Any CPU
		{5C62A82C-947F-481E-8CB2-26785D7E7EFE}.Release|Any CPU.Build.0 = Development|Any CPU
	EndGlobalSection
	GlobalSection(SolutionProperties) = preSolution
		HideSolutionNode = FALSE
	EndGlobalSection
	GlobalSection(NestedProjects) = preSolution
		{5C62A82C-947F-481E-8CB2-26785D7E7EFE} = {2B730CDF-61C3-4430-96CE-D00AA1898302}
	EndGlobalSection
	GlobalSection(ExtensibilityGlobals) = postSolution
		SolutionGuid = {2B09614B-1EEB-48D3-A689-208F521E8780}
	EndGlobalSection
EndGlobal
